
Microsoft Visual Studio Solution File, Format Version 12.00
# Visual Studio Version 17
VisualStudioVersion = 17.0.31903.59
MinimumVisualStudioVersion = 10.0.40219.1
Project("{2150E333-8FDC-42A3-9474-1A3956D46DE8}") = "src", "src", "{827E0CD3-B72D-47B6-A68D-7590B98EB39B}"
EndProject
Project("{FAE04EC0-301F-11D3-BF4B-00C04F79EFBC}") = "WPStallman.Core", "src\WPStallman.Core\WPStallman.Core.csproj", "{7628D9E4-9D98-4A4F-9DF9-1270C7B479F6}"
EndProject
Project("{FAE04EC0-301F-11D3-BF4B-00C04F79EFBC}") = "WPStallman.CLI", "src\WPStallman.CLI\WPStallman.CLI.csproj", "{4B7C8877-7DAF-4ED3-8D76-84B9031E65F5}"
EndProject
Project("{FAE04EC0-301F-11D3-BF4B-00C04F79EFBC}") = "WPStallman.GUI", "src\WPStallman.GUI\WPStallman.GUI.csproj", "{ACC9C070-6171-4D6C-8BB0-41AF8AD459CD}"
EndProject
Project("{FAE04EC0-301F-11D3-BF4B-00C04F79EFBC}") = "WPStallman.Launcher", "src\WPStallman.Launcher\WPStallman.Launcher.csproj", "{BF3FB5AC-A6CD-4431-9284-D53F19F43B0A}"
EndProject
Project("{2150E333-8FDC-42A3-9474-1A3956D46DE8}") = "WPStallman.GUI.Modern", "WPStallman.GUI.Modern", "{F447D2DC-2107-39DD-35B6-EA120307F6D1}"
EndProject
Project("{FAE04EC0-301F-11D3-BF4B-00C04F79EFBC}") = "WPStallman.GUI", "src\WPStallman.GUI.Modern\WPStallman.GUI.csproj", "{03574F48-551F-400D-9575-5940B1BC1050}"
EndProject
Project("{2150E333-8FDC-42A3-9474-1A3956D46DE8}") = "WPStallman.GUI.Legacy", "WPStallman.GUI.Legacy", "{BB06308C-65C6-3FCC-A6C7-C3B1AD254A5A}"
EndProject
Project("{FAE04EC0-301F-11D3-BF4B-00C04F79EFBC}") = "WPStallman.GUI", "src\WPStallman.GUI.Legacy\WPStallman.GUI.csproj", "{EF2E0BA4-94CE-4F41-AC13-7B321F048BB9}"
EndProject
Global
	GlobalSection(SolutionConfigurationPlatforms) = preSolution
		Debug|Any CPU = Debug|Any CPU
		Debug|x64 = Debug|x64
		Debug|x86 = Debug|x86
		Release|Any CPU = Release|Any CPU
		Release|x64 = Release|x64
		Release|x86 = Release|x86
	EndGlobalSection
	GlobalSection(ProjectConfigurationPlatforms) = postSolution
		{7628D9E4-9D98-4A4F-9DF9-1270C7B479F6}.Debug|Any CPU.ActiveCfg = Debug|Any CPU
		{7628D9E4-9D98-4A4F-9DF9-1270C7B479F6}.Debug|Any CPU.Build.0 = Debug|Any CPU
		{7628D9E4-9D98-4A4F-9DF9-1270C7B479F6}.Debug|x64.ActiveCfg = Debug|Any CPU
		{7628D9E4-9D98-4A4F-9DF9-1270C7B479F6}.Debug|x64.Build.0 = Debug|Any CPU
		{7628D9E4-9D98-4A4F-9DF9-1270C7B479F6}.Debug|x86.ActiveCfg = Debug|Any CPU
		{7628D9E4-9D98-4A4F-9DF9-1270C7B479F6}.Debug|x86.Build.0 = Debug|Any CPU
		{7628D9E4-9D98-4A4F-9DF9-1270C7B479F6}.Release|Any CPU.ActiveCfg = Release|Any CPU
		{7628D9E4-9D98-4A4F-9DF9-1270C7B479F6}.Release|Any CPU.Build.0 = Release|Any CPU
		{7628D9E4-9D98-4A4F-9DF9-1270C7B479F6}.Release|x64.ActiveCfg = Release|Any CPU
		{7628D9E4-9D98-4A4F-9DF9-1270C7B479F6}.Release|x64.Build.0 = Release|Any CPU
		{7628D9E4-9D98-4A4F-9DF9-1270C7B479F6}.Release|x86.ActiveCfg = Release|Any CPU
		{7628D9E4-9D98-4A4F-9DF9-1270C7B479F6}.Release|x86.Build.0 = Release|Any CPU
		{4B7C8877-7DAF-4ED3-8D76-84B9031E65F5}.Debug|Any CPU.ActiveCfg = Debug|Any CPU
		{4B7C8877-7DAF-4ED3-8D76-84B9031E65F5}.Debug|Any CPU.Build.0 = Debug|Any CPU
		{4B7C8877-7DAF-4ED3-8D76-84B9031E65F5}.Debug|x64.ActiveCfg = Debug|Any CPU
		{4B7C8877-7DAF-4ED3-8D76-84B9031E65F5}.Debug|x64.Build.0 = Debug|Any CPU
		{4B7C8877-7DAF-4ED3-8D76-84B9031E65F5}.Debug|x86.ActiveCfg = Debug|Any CPU
		{4B7C8877-7DAF-4ED3-8D76-84B9031E65F5}.Debug|x86.Build.0 = Debug|Any CPU
		{4B7C8877-7DAF-4ED3-8D76-84B9031E65F5}.Release|Any CPU.ActiveCfg = Release|Any CPU
		{4B7C8877-7DAF-4ED3-8D76-84B9031E65F5}.Release|Any CPU.Build.0 = Release|Any CPU
		{4B7C8877-7DAF-4ED3-8D76-84B9031E65F5}.Release|x64.ActiveCfg = Release|Any CPU
		{4B7C8877-7DAF-4ED3-8D76-84B9031E65F5}.Release|x64.Build.0 = Release|Any CPU
		{4B7C8877-7DAF-4ED3-8D76-84B9031E65F5}.Release|x86.ActiveCfg = Release|Any CPU
		{4B7C8877-7DAF-4ED3-8D76-84B9031E65F5}.Release|x86.Build.0 = Release|Any CPU
		{ACC9C070-6171-4D6C-8BB0-41AF8AD459CD}.Debug|Any CPU.ActiveCfg = Debug|Any CPU
		{ACC9C070-6171-4D6C-8BB0-41AF8AD459CD}.Debug|Any CPU.Build.0 = Debug|Any CPU
		{ACC9C070-6171-4D6C-8BB0-41AF8AD459CD}.Debug|x64.ActiveCfg = Debug|Any CPU
		{ACC9C070-6171-4D6C-8BB0-41AF8AD459CD}.Debug|x64.Build.0 = Debug|Any CPU
		{ACC9C070-6171-4D6C-8BB0-41AF8AD459CD}.Debug|x86.ActiveCfg = Debug|Any CPU
		{ACC9C070-6171-4D6C-8BB0-41AF8AD459CD}.Debug|x86.Build.0 = Debug|Any CPU
		{ACC9C070-6171-4D6C-8BB0-41AF8AD459CD}.Release|Any CPU.ActiveCfg = Release|Any CPU
		{ACC9C070-6171-4D6C-8BB0-41AF8AD459CD}.Release|Any CPU.Build.0 = Release|Any CPU
		{ACC9C070-6171-4D6C-8BB0-41AF8AD459CD}.Release|x64.ActiveCfg = Release|Any CPU
		{ACC9C070-6171-4D6C-8BB0-41AF8AD459CD}.Release|x64.Build.0 = Release|Any CPU
		{ACC9C070-6171-4D6C-8BB0-41AF8AD459CD}.Release|x86.ActiveCfg = Release|Any CPU
		{ACC9C070-6171-4D6C-8BB0-41AF8AD459CD}.Release|x86.Build.0 = Release|Any CPU
		{BF3FB5AC-A6CD-4431-9284-D53F19F43B0A}.Debug|Any CPU.ActiveCfg = Debug|Any CPU
		{BF3FB5AC-A6CD-4431-9284-D53F19F43B0A}.Debug|Any CPU.Build.0 = Debug|Any CPU
		{BF3FB5AC-A6CD-4431-9284-D53F19F43B0A}.Debug|x64.ActiveCfg = Debug|Any CPU
		{BF3FB5AC-A6CD-4431-9284-D53F19F43B0A}.Debug|x64.Build.0 = Debug|Any CPU
		{BF3FB5AC-A6CD-4431-9284-D53F19F43B0A}.Debug|x86.ActiveCfg = Debug|Any CPU
		{BF3FB5AC-A6CD-4431-9284-D53F19F43B0A}.Debug|x86.Build.0 = Debug|Any CPU
		{BF3FB5AC-A6CD-4431-9284-D53F19F43B0A}.Release|Any CPU.ActiveCfg = Release|Any CPU
		{BF3FB5AC-A6CD-4431-9284-D53F19F43B0A}.Release|Any CPU.Build.0 = Release|Any CPU
		{BF3FB5AC-A6CD-4431-9284-D53F19F43B0A}.Release|x64.ActiveCfg = Release|Any CPU
		{BF3FB5AC-A6CD-4431-9284-D53F19F43B0A}.Release|x64.Build.0 = Release|Any CPU
		{BF3FB5AC-A6CD-4431-9284-D53F19F43B0A}.Release|x86.ActiveCfg = Release|Any CPU
		{BF3FB5AC-A6CD-4431-9284-D53F19F43B0A}.Release|x86.Build.0 = Release|Any CPU
		{03574F48-551F-400D-9575-5940B1BC1050}.Debug|Any CPU.ActiveCfg = Debug|Any CPU
		{03574F48-551F-400D-9575-5940B1BC1050}.Debug|Any CPU.Build.0 = Debug|Any CPU
		{03574F48-551F-400D-9575-5940B1BC1050}.Debug|x64.ActiveCfg = Debug|Any CPU
		{03574F48-551F-400D-9575-5940B1BC1050}.Debug|x64.Build.0 = Debug|Any CPU
		{03574F48-551F-400D-9575-5940B1BC1050}.Debug|x86.ActiveCfg = Debug|Any CPU
		{03574F48-551F-400D-9575-5940B1BC1050}.Debug|x86.Build.0 = Debug|Any CPU
		{03574F48-551F-400D-9575-5940B1BC1050}.Release|Any CPU.ActiveCfg = Release|Any CPU
		{03574F48-551F-400D-9575-5940B1BC1050}.Release|Any CPU.Build.0 = Release|Any CPU
		{03574F48-551F-400D-9575-5940B1BC1050}.Release|x64.ActiveCfg = Release|Any CPU
		{03574F48-551F-400D-9575-5940B1BC1050}.Release|x64.Build.0 = Release|Any CPU
		{03574F48-551F-400D-9575-5940B1BC1050}.Release|x86.ActiveCfg = Release|Any CPU
		{03574F48-551F-400D-9575-5940B1BC1050}.Release|x86.Build.0 = Release|Any CPU
		{EF2E0BA4-94CE-4F41-AC13-7B321F048BB9}.Debug|Any CPU.ActiveCfg = Debug|Any CPU
		{EF2E0BA4-94CE-4F41-AC13-7B321F048BB9}.Debug|Any CPU.Build.0 = Debug|Any CPU
		{EF2E0BA4-94CE-4F41-AC13-7B321F048BB9}.Debug|x64.ActiveCfg = Debug|Any CPU
		{EF2E0BA4-94CE-4F41-AC13-7B321F048BB9}.Debug|x64.Build.0 = Debug|Any CPU
		{EF2E0BA4-94CE-4F41-AC13-7B321F048BB9}.Debug|x86.ActiveCfg = Debug|Any CPU
		{EF2E0BA4-94CE-4F41-AC13-7B321F048BB9}.Debug|x86.Build.0 = Debug|Any CPU
		{EF2E0BA4-94CE-4F41-AC13-7B321F048BB9}.Release|Any CPU.ActiveCfg = Release|Any CPU
		{EF2E0BA4-94CE-4F41-AC13-7B321F048BB9}.Release|Any CPU.Build.0 = Release|Any CPU
		{EF2E0BA4-94CE-4F41-AC13-7B321F048BB9}.Release|x64.ActiveCfg = Release|Any CPU
		{EF2E0BA4-94CE-4F41-AC13-7B321F048BB9}.Release|x64.Build.0 = Release|Any CPU
		{EF2E0BA4-94CE-4F41-AC13-7B321F048BB9}.Release|x86.ActiveCfg = Release|Any CPU
		{EF2E0BA4-94CE-4F41-AC13-7B321F048BB9}.Release|x86.Build.0 = Release|Any CPU
	EndGlobalSection
	GlobalSection(SolutionProperties) = preSolution
		HideSolutionNode = FALSE
	EndGlobalSection
	GlobalSection(NestedProjects) = preSolution
		{7628D9E4-9D98-4A4F-9DF9-1270C7B479F6} = {827E0CD3-B72D-47B6-A68D-7590B98EB39B}
		{4B7C8877-7DAF-4ED3-8D76-84B9031E65F5} = {827E0CD3-B72D-47B6-A68D-7590B98EB39B}
		{ACC9C070-6171-4D6C-8BB0-41AF8AD459CD} = {827E0CD3-B72D-47B6-A68D-7590B98EB39B}
		{F447D2DC-2107-39DD-35B6-EA120307F6D1} = {827E0CD3-B72D-47B6-A68D-7590B98EB39B}
		{03574F48-551F-400D-9575-5940B1BC1050} = {F447D2DC-2107-39DD-35B6-EA120307F6D1}
		{BB06308C-65C6-3FCC-A6C7-C3B1AD254A5A} = {827E0CD3-B72D-47B6-A68D-7590B98EB39B}
		{EF2E0BA4-94CE-4F41-AC13-7B321F048BB9} = {BB06308C-65C6-3FCC-A6C7-C3B1AD254A5A}
	EndGlobalSection
EndGlobal
